
Microsoft Visual Studio Solution File, Format Version 12.00
# Visual Studio 15
VisualStudioVersion = 15.0.28010.2036
MinimumVisualStudioVersion = 10.0.40219.1
Project("{2150E333-8FDC-42A3-9474-1A3956D46DE8}") = "1 - Presentation", "1 - Presentation", "{01527BCF-BE30-404D-9022-8E360E9D3756}"
EndProject
Project("{2150E333-8FDC-42A3-9474-1A3956D46DE8}") = "2 - Aplication", "2 - Aplication", "{7634FB4C-E73B-49F8-92AE-19B2819CCA3D}"
EndProject
Project("{2150E333-8FDC-42A3-9474-1A3956D46DE8}") = "3 - Domain", "3 - Domain", "{FC4DBE53-4614-49F5-AE3C-CBEDE7EF7593}"
EndProject
Project("{2150E333-8FDC-42A3-9474-1A3956D46DE8}") = "4 - Infraestructure", "4 - Infraestructure", "{B70AD5E7-87A6-4E99-8EB8-FEC1CFC83CC1}"
EndProject
Project("{FAE04EC0-301F-11D3-BF4B-00C04F79EFBC}") = "PresentationNewsFeed", "PresentationNewsFeed\PresentationNewsFeed.csproj", "{3F000FB0-B91B-40DB-AAD5-3A4BE83C66B6}"
EndProject
Project("{FAE04EC0-301F-11D3-BF4B-00C04F79EFBC}") = "NewsFeed.DomainModel", "NewsFeed.DomainModel\NewsFeed.DomainModel.csproj", "{69C3638A-E593-46CB-BB0C-3CB6E8B89949}"
EndProject
Project("{FAE04EC0-301F-11D3-BF4B-00C04F79EFBC}") = "NewsFeed.DomainService", "NewsFeed.DomainServices\NewsFeed.DomainService.csproj", "{17CA51AE-8826-435F-83B4-922A19318ABC}"
EndProject
Project("{FAE04EC0-301F-11D3-BF4B-00C04F79EFBC}") = "NewsFeed.DataAcces", "NewsFeed.DataAcces\NewsFeed.DataAcces.csproj", "{A4530470-1CB3-4479-BA94-8BB2882B3BE1}"
EndProject
Global
	GlobalSection(SolutionConfigurationPlatforms) = preSolution
		Debug|Any CPU = Debug|Any CPU
		Release|Any CPU = Release|Any CPU
	EndGlobalSection
	GlobalSection(ProjectConfigurationPlatforms) = postSolution
		{3F000FB0-B91B-40DB-AAD5-3A4BE83C66B6}.Debug|Any CPU.ActiveCfg = Debug|Any CPU
		{3F000FB0-B91B-40DB-AAD5-3A4BE83C66B6}.Debug|Any CPU.Build.0 = Debug|Any CPU
		{3F000FB0-B91B-40DB-AAD5-3A4BE83C66B6}.Release|Any CPU.ActiveCfg = Release|Any CPU
		{3F000FB0-B91B-40DB-AAD5-3A4BE83C66B6}.Release|Any CPU.Build.0 = Release|Any CPU
		{69C3638A-E593-46CB-BB0C-3CB6E8B89949}.Debug|Any CPU.ActiveCfg = Debug|Any CPU
		{69C3638A-E593-46CB-BB0C-3CB6E8B89949}.Debug|Any CPU.Build.0 = Debug|Any CPU
		{69C3638A-E593-46CB-BB0C-3CB6E8B89949}.Release|Any CPU.ActiveCfg = Release|Any CPU
		{69C3638A-E593-46CB-BB0C-3CB6E8B89949}.Release|Any CPU.Build.0 = Release|Any CPU
		{17CA51AE-8826-435F-83B4-922A19318ABC}.Debug|Any CPU.ActiveCfg = Debug|Any CPU
		{17CA51AE-8826-435F-83B4-922A19318ABC}.Debug|Any CPU.Build.0 = Debug|Any CPU
		{17CA51AE-8826-435F-83B4-922A19318ABC}.Release|Any CPU.ActiveCfg = Release|Any CPU
		{17CA51AE-8826-435F-83B4-922A19318ABC}.Release|Any CPU.Build.0 = Release|Any CPU
		{A4530470-1CB3-4479-BA94-8BB2882B3BE1}.Debug|Any CPU.ActiveCfg = Debug|Any CPU
		{A4530470-1CB3-4479-BA94-8BB2882B3BE1}.Debug|Any CPU.Build.0 = Debug|Any CPU
		{A4530470-1CB3-4479-BA94-8BB2882B3BE1}.Release|Any CPU.ActiveCfg = Release|Any CPU
		{A4530470-1CB3-4479-BA94-8BB2882B3BE1}.Release|Any CPU.Build.0 = Release|Any CPU
	EndGlobalSection
	GlobalSection(SolutionProperties) = preSolution
		HideSolutionNode = FALSE
	EndGlobalSection
	GlobalSection(NestedProjects) = preSolution
		{3F000FB0-B91B-40DB-AAD5-3A4BE83C66B6} = {01527BCF-BE30-404D-9022-8E360E9D3756}
		{69C3638A-E593-46CB-BB0C-3CB6E8B89949} = {FC4DBE53-4614-49F5-AE3C-CBEDE7EF7593}
		{17CA51AE-8826-435F-83B4-922A19318ABC} = {FC4DBE53-4614-49F5-AE3C-CBEDE7EF7593}
		{A4530470-1CB3-4479-BA94-8BB2882B3BE1} = {B70AD5E7-87A6-4E99-8EB8-FEC1CFC83CC1}
	EndGlobalSection
	GlobalSection(ExtensibilityGlobals) = postSolution
		SolutionGuid = {2E120541-DD25-44C5-9D19-4613513DBE17}
	EndGlobalSection
EndGlobal
